
Microsoft Visual Studio Solution File, Format Version 12.00
# Visual Studio Version 16
VisualStudioVersion = 16.0.33027.164
MinimumVisualStudioVersion = 10.0.40219.1
Project("{FAE04EC0-301F-11D3-BF4B-00C04F79EFBC}") = "Predictor", "Predictor\Predictor.csproj", "{151AABC5-8E15-4502-9BD0-5E56AC4AA7DD}"
EndProject
Global
	GlobalSection(SolutionConfigurationPlatforms) = preSolution
		Debug|Any CPU = Debug|Any CPU
		Release|Any CPU = Release|Any CPU
	EndGlobalSection
	GlobalSection(ProjectConfigurationPlatforms) = postSolution
		{151AABC5-8E15-4502-9BD0-5E56AC4AA7DD}.Debug|Any CPU.ActiveCfg = Debug|Any CPU
		{151AABC5-8E15-4502-9BD0-5E56AC4AA7DD}.Debug|Any CPU.Build.0 = Debug|Any CPU
		{151AABC5-8E15-4502-9BD0-5E56AC4AA7DD}.Release|Any CPU.ActiveCfg = Release|Any CPU
		{151AABC5-8E15-4502-9BD0-5E56AC4AA7DD}.Release|Any CPU.Build.0 = Release|Any CPU
	EndGlobalSection
	GlobalSection(SolutionProperties) = preSolution
		HideSolutionNode = FALSE
	EndGlobalSection
	GlobalSection(ExtensibilityGlobals) = postSolution
		SolutionGuid = {2A656D5C-5B45-4BA4-8F87-DE9679AADAE3}
	EndGlobalSection
EndGlobal
